
Microsoft Visual Studio Solution File, Format Version 12.00
# Visual Studio Version 16
VisualStudioVersion = 16.0.30523.141
MinimumVisualStudioVersion = 10.0.40219.1
Project("{FAE04EC0-301F-11D3-BF4B-00C04F79EFBC}") = "TRZ_WikimediaCount", "TRZ_WikimediaCount\TRZ_WikimediaCount.csproj", "{2B3FC1F1-6A83-4831-8A5A-0A91717E8025}"
EndProject
Global
	GlobalSection(SolutionConfigurationPlatforms) = preSolution
		Debug|Any CPU = Debug|Any CPU
		Release|Any CPU = Release|Any CPU
	EndGlobalSection
	GlobalSection(ProjectConfigurationPlatforms) = postSolution
		{2B3FC1F1-6A83-4831-8A5A-0A91717E8025}.Debug|Any CPU.ActiveCfg = Debug|Any CPU
		{2B3FC1F1-6A83-4831-8A5A-0A91717E8025}.Debug|Any CPU.Build.0 = Debug|Any CPU
		{2B3FC1F1-6A83-4831-8A5A-0A91717E8025}.Release|Any CPU.ActiveCfg = Release|Any CPU
		{2B3FC1F1-6A83-4831-8A5A-0A91717E8025}.Release|Any CPU.Build.0 = Release|Any CPU
	EndGlobalSection
	GlobalSection(SolutionProperties) = preSolution
		HideSolutionNode = FALSE
	EndGlobalSection
	GlobalSection(ExtensibilityGlobals) = postSolution
		SolutionGuid = {DCBF467D-E539-4DA5-94E0-9834540894EE}
	EndGlobalSection
EndGlobal
